# This file is automatically @generated by Cargo.
# It is not intended for manual editing.
[[package]]
name = "alac"
version = "0.3.3"
source = "registry+https://github.com/rust-lang/crates.io-index"
checksum = "c5313ee99cec031f3862878d6f73c85c46f7c08cbe952802e71134b7400c7ac8"

[[package]]
name = "audrey"
version = "0.2.0"
source = "registry+https://github.com/rust-lang/crates.io-index"
checksum = "6bedb8db3b419f74c760e1175e9b7262acdc28d90bec8eb27f278c21b82c8a47"
dependencies = [
 "alac",
 "caf",
 "claxon",
 "hound",
 "lewton",
 "sample",
]

[[package]]
name = "byteorder"
version = "1.3.2"
source = "registry+https://github.com/rust-lang/crates.io-index"
checksum = "a7c3dd8985a7111efc5c80b44e23ecdd8c007de8ade3b96595387e812b957cf5"

[[package]]
name = "caf"
version = "0.1.0"
source = "registry+https://github.com/rust-lang/crates.io-index"
checksum = "8fb1715abe8ffd1caeca4e30b9d803ecb75698bef0e59d207d4b0f16757744e7"
dependencies = [
 "byteorder",
]

[[package]]
name = "claxon"
version = "0.4.2"
source = "registry+https://github.com/rust-lang/crates.io-index"
checksum = "f86c952727a495bda7abaf09bafdee1a939194dd793d9a8e26281df55ac43b00"

[[package]]
name = "deepspeech"
version = "0.6.0"
dependencies = [
 "audrey",
 "deepspeech-sys",
 "libc",
]

[[package]]
name = "deepspeech-sys"
version = "0.6.0"

[[package]]
name = "hound"
version = "3.4.0"
source = "registry+https://github.com/rust-lang/crates.io-index"
checksum = "8a164bb2ceaeff4f42542bdb847c41517c78a60f5649671b2a07312b6e117549"

[[package]]
name = "lewton"
version = "0.7.0"
source = "registry+https://github.com/rust-lang/crates.io-index"
checksum = "2e71f04d2c08d879af9e09057f0f9a745e97c8c33a31b22138505ab7e3d87ea3"
dependencies = [
 "byteorder",
 "ogg",
]

[[package]]
name = "libc"
version = "0.2.66"
source = "registry+https://github.com/rust-lang/crates.io-index"
checksum = "d515b1f41455adea1313a4a2ac8a8a477634fbae63cc6100e3aebb207ce61558"

[[package]]
name = "ogg"
version = "0.5.1"
source = "registry+https://github.com/rust-lang/crates.io-index"
checksum = "3f8de5433300a8a0ba60a3207766a3ce9efdede6aaab23311b5a8cf1664fe2e9"
dependencies = [
 "byteorder",
]

[[package]]
name = "sample"
version = "0.9.1"
source = "registry+https://github.com/rust-lang/crates.io-index"
checksum = "6c8f1d3843c8c3e3d8a89c07791329eaae60272ca34e6c570b6b5ae8412fa76d"
